
Microsoft Visual Studio Solution File, Format Version 12.00
# Visual Studio Version 17
VisualStudioVersion = 17.0.32112.339
MinimumVisualStudioVersion = 10.0.40219.1
Project("{2150E333-8FDC-42A3-9474-1A3956D46DE8}") = "M001", "M001", "{E4A9687D-6DE8-48B9-8B2B-59E6E6B05EF9}"
EndProject
Project("{9A19103F-16F7-4668-BE54-9A1E7A4F7556}") = "M001_Einfuehrung", "M001_Einfuehrung\M001_Einfuehrung.csproj", "{535CC4EF-0808-4581-8DB1-93F90B1AF6AB}"
EndProject
Project("{2150E333-8FDC-42A3-9474-1A3956D46DE8}") = "M002", "M002", "{2AE845E6-8B6D-4FEA-9B46-A5A1B9F384AC}"
EndProject
Project("{9A19103F-16F7-4668-BE54-9A1E7A4F7556}") = "M002_VariablenInputCasting", "M002_VariablenInputCasting\M002_VariablenInputCasting.csproj", "{0EE16BED-2A61-4F75-B976-D636534E36C7}"
EndProject
Project("{2150E333-8FDC-42A3-9474-1A3956D46DE8}") = "M003", "M003", "{DF5A0810-95BC-45B2-A0C0-FFC37B64FAAB}"
EndProject
Project("{9A19103F-16F7-4668-BE54-9A1E7A4F7556}") = "M003_ArraysBedingungen", "M003_ArraysBedingungen\M003_ArraysBedingungen.csproj", "{70D2E503-BEE6-43CF-A640-4C825A42BAD8}"
EndProject
Project("{2150E333-8FDC-42A3-9474-1A3956D46DE8}") = "M004", "M004", "{BA9A1393-8151-4671-AA1E-B092055E1272}"
EndProject
Project("{9A19103F-16F7-4668-BE54-9A1E7A4F7556}") = "M004_SchleifenEnumsSwitch", "M004_SchleifenEnumsSwitch\M004_SchleifenEnumsSwitch.csproj", "{605B3BBE-B7A9-44ED-841D-A6C440167F49}"
EndProject
Project("{2150E333-8FDC-42A3-9474-1A3956D46DE8}") = "M005", "M005", "{C43271FC-B8A9-42B8-8CC7-D682B50F1BCC}"
EndProject
Project("{9A19103F-16F7-4668-BE54-9A1E7A4F7556}") = "M005_Funktionen", "M005_Funktionen\M005_Funktionen.csproj", "{EF3BF284-8D19-417E-A516-466CC2D73DB2}"
EndProject
Project("{2150E333-8FDC-42A3-9474-1A3956D46DE8}") = "M006", "M006", "{6831259F-E05C-4330-95C0-2363AF9D99FD}"
EndProject
Project("{FAE04EC0-301F-11D3-BF4B-00C04F79EFBC}") = "M006-ObjektOrientierteProgrammierung", "M006-ObjektOrientierteProgrammierung\M006-ObjektOrientierteProgrammierung.csproj", "{EC53D9F4-A43D-4959-80B8-A5042E4E447B}"
EndProject
Global
	GlobalSection(SolutionConfigurationPlatforms) = preSolution
		Debug|Any CPU = Debug|Any CPU
		Release|Any CPU = Release|Any CPU
	EndGlobalSection
	GlobalSection(ProjectConfigurationPlatforms) = postSolution
		{535CC4EF-0808-4581-8DB1-93F90B1AF6AB}.Debug|Any CPU.ActiveCfg = Debug|Any CPU
		{535CC4EF-0808-4581-8DB1-93F90B1AF6AB}.Debug|Any CPU.Build.0 = Debug|Any CPU
		{535CC4EF-0808-4581-8DB1-93F90B1AF6AB}.Release|Any CPU.ActiveCfg = Release|Any CPU
		{535CC4EF-0808-4581-8DB1-93F90B1AF6AB}.Release|Any CPU.Build.0 = Release|Any CPU
		{0EE16BED-2A61-4F75-B976-D636534E36C7}.Debug|Any CPU.ActiveCfg = Debug|Any CPU
		{0EE16BED-2A61-4F75-B976-D636534E36C7}.Debug|Any CPU.Build.0 = Debug|Any CPU
		{0EE16BED-2A61-4F75-B976-D636534E36C7}.Release|Any CPU.ActiveCfg = Release|Any CPU
		{0EE16BED-2A61-4F75-B976-D636534E36C7}.Release|Any CPU.Build.0 = Release|Any CPU
		{70D2E503-BEE6-43CF-A640-4C825A42BAD8}.Debug|Any CPU.ActiveCfg = Debug|Any CPU
		{70D2E503-BEE6-43CF-A640-4C825A42BAD8}.Debug|Any CPU.Build.0 = Debug|Any CPU
		{70D2E503-BEE6-43CF-A640-4C825A42BAD8}.Release|Any CPU.ActiveCfg = Release|Any CPU
		{70D2E503-BEE6-43CF-A640-4C825A42BAD8}.Release|Any CPU.Build.0 = Release|Any CPU
		{605B3BBE-B7A9-44ED-841D-A6C440167F49}.Debug|Any CPU.ActiveCfg = Debug|Any CPU
		{605B3BBE-B7A9-44ED-841D-A6C440167F49}.Debug|Any CPU.Build.0 = Debug|Any CPU
		{605B3BBE-B7A9-44ED-841D-A6C440167F49}.Release|Any CPU.ActiveCfg = Release|Any CPU
		{605B3BBE-B7A9-44ED-841D-A6C440167F49}.Release|Any CPU.Build.0 = Release|Any CPU
		{EF3BF284-8D19-417E-A516-466CC2D73DB2}.Debug|Any CPU.ActiveCfg = Debug|Any CPU
		{EF3BF284-8D19-417E-A516-466CC2D73DB2}.Debug|Any CPU.Build.0 = Debug|Any CPU
		{EF3BF284-8D19-417E-A516-466CC2D73DB2}.Release|Any CPU.ActiveCfg = Release|Any CPU
		{EF3BF284-8D19-417E-A516-466CC2D73DB2}.Release|Any CPU.Build.0 = Release|Any CPU
		{EC53D9F4-A43D-4959-80B8-A5042E4E447B}.Debug|Any CPU.ActiveCfg = Debug|Any CPU
		{EC53D9F4-A43D-4959-80B8-A5042E4E447B}.Debug|Any CPU.Build.0 = Debug|Any CPU
		{EC53D9F4-A43D-4959-80B8-A5042E4E447B}.Release|Any CPU.ActiveCfg = Release|Any CPU
		{EC53D9F4-A43D-4959-80B8-A5042E4E447B}.Release|Any CPU.Build.0 = Release|Any CPU
	EndGlobalSection
	GlobalSection(SolutionProperties) = preSolution
		HideSolutionNode = FALSE
	EndGlobalSection
	GlobalSection(NestedProjects) = preSolution
		{535CC4EF-0808-4581-8DB1-93F90B1AF6AB} = {E4A9687D-6DE8-48B9-8B2B-59E6E6B05EF9}
		{0EE16BED-2A61-4F75-B976-D636534E36C7} = {2AE845E6-8B6D-4FEA-9B46-A5A1B9F384AC}
		{70D2E503-BEE6-43CF-A640-4C825A42BAD8} = {DF5A0810-95BC-45B2-A0C0-FFC37B64FAAB}
		{605B3BBE-B7A9-44ED-841D-A6C440167F49} = {BA9A1393-8151-4671-AA1E-B092055E1272}
		{EF3BF284-8D19-417E-A516-466CC2D73DB2} = {C43271FC-B8A9-42B8-8CC7-D682B50F1BCC}
		{EC53D9F4-A43D-4959-80B8-A5042E4E447B} = {6831259F-E05C-4330-95C0-2363AF9D99FD}
	EndGlobalSection
	GlobalSection(ExtensibilityGlobals) = postSolution
		SolutionGuid = {64F5F7DA-168C-4A38-9466-2AE97EB86CB0}
	EndGlobalSection
EndGlobal
